// !$*UTF8*$!
{
	archiveVersion = 1;
	classes = {
	};
	objectVersion = 50;
	objects = {

/* Begin PBXBuildFile section */
		274AB1DA23A0BC22007979D5 /* AppDelegate.swift in Sources */ = {isa = PBXBuildFile; fileRef = 274AB1D923A0BC22007979D5 /* AppDelegate.swift */; };
		274AB1DC23A0BC22007979D5 /* SceneDelegate.swift in Sources */ = {isa = PBXBuildFile; fileRef = 274AB1DB23A0BC22007979D5 /* SceneDelegate.swift */; };
		274AB1DE23A0BC22007979D5 /* ViewController.swift in Sources */ = {isa = PBXBuildFile; fileRef = 274AB1DD23A0BC22007979D5 /* ViewController.swift */; };
		274AB1E123A0BC22007979D5 /* Main.storyboard in Resources */ = {isa = PBXBuildFile; fileRef = 274AB1DF23A0BC22007979D5 /* Main.storyboard */; };
		274AB1E323A0BC23007979D5 /* Assets.xcassets in Resources */ = {isa = PBXBuildFile; fileRef = 274AB1E223A0BC23007979D5 /* Assets.xcassets */; };
		274AB1E623A0BC23007979D5 /* LaunchScreen.storyboard in Resources */ = {isa = PBXBuildFile; fileRef = 274AB1E423A0BC23007979D5 /* LaunchScreen.storyboard */; };
		274AB1F123A0BC23007979D5 /* Day10Tests.swift in Sources */ = {isa = PBXBuildFile; fileRef = 274AB1F023A0BC23007979D5 /* Day10Tests.swift */; };
		274AB1FC23A0BC23007979D5 /* Day10UITests.swift in Sources */ = {isa = PBXBuildFile; fileRef = 274AB1FB23A0BC23007979D5 /* Day10UITests.swift */; };
/* End PBXBuildFile section */

/* Begin PBXContainerItemProxy section */
		274AB1ED23A0BC23007979D5 /* PBXContainerItemProxy */ = {
			isa = PBXContainerItemProxy;
			containerPortal = 274AB1CE23A0BC22007979D5 /* Project object */;
			proxyType = 1;
			remoteGlobalIDString = 274AB1D523A0BC22007979D5;
			remoteInfo = Day10;
		};
		274AB1F823A0BC23007979D5 /* PBXContainerItemProxy */ = {
			isa = PBXContainerItemProxy;
			containerPortal = 274AB1CE23A0BC22007979D5 /* Project object */;
			proxyType = 1;
			remoteGlobalIDString = 274AB1D523A0BC22007979D5;
			remoteInfo = Day10;
		};
/* End PBXContainerItemProxy section */

/* Begin PBXFileReference section */
		274AB1D623A0BC22007979D5 /* Day10.app */ = {isa = PBXFileReference; explicitFileType = wrapper.application; includeInIndex = 0; path = Day10.app; sourceTree = BUILT_PRODUCTS_DIR; };
		274AB1D923A0BC22007979D5 /* AppDelegate.swift */ = {isa = PBXFileReference; lastKnownFileType = sourcecode.swift; path = AppDelegate.swift; sourceTree = "<group>"; };
		274AB1DB23A0BC22007979D5 /* SceneDelegate.swift */ = {isa = PBXFileReference; lastKnownFileType = sourcecode.swift; path = SceneDelegate.swift; sourceTree = "<group>"; };
		274AB1DD23A0BC22007979D5 /* ViewController.swift */ = {isa = PBXFileReference; lastKnownFileType = sourcecode.swift; path = ViewController.swift; sourceTree = "<group>"; };
		274AB1E023A0BC22007979D5 /* Base */ = {isa = PBXFileReference; lastKnownFileType = file.storyboard; name = Base; path = Base.lproj/Main.storyboard; sourceTree = "<group>"; };
		274AB1E223A0BC23007979D5 /* Assets.xcassets */ = {isa = PBXFileReference; lastKnownFileType = folder.assetcatalog; path = Assets.xcassets; sourceTree = "<group>"; };
		274AB1E523A0BC23007979D5 /* Base */ = {isa = PBXFileReference; lastKnownFileType = file.storyboard; name = Base; path = Base.lproj/LaunchScreen.storyboard; sourceTree = "<group>"; };
		274AB1E723A0BC23007979D5 /* Info.plist */ = {isa = PBXFileReference; lastKnownFileType = text.plist.xml; path = Info.plist; sourceTree = "<group>"; };
		274AB1EC23A0BC23007979D5 /* Day10Tests.xctest */ = {isa = PBXFileReference; explicitFileType = wrapper.cfbundle; includeInIndex = 0; path = Day10Tests.xctest; sourceTree = BUILT_PRODUCTS_DIR; };
		274AB1F023A0BC23007979D5 /* Day10Tests.swift */ = {isa = PBXFileReference; lastKnownFileType = sourcecode.swift; path = Day10Tests.swift; sourceTree = "<group>"; };
		274AB1F223A0BC23007979D5 /* Info.plist */ = {isa = PBXFileReference; lastKnownFileType = text.plist.xml; path = Info.plist; sourceTree = "<group>"; };
		274AB1F723A0BC23007979D5 /* Day10UITests.xctest */ = {isa = PBXFileReference; explicitFileType = wrapper.cfbundle; includeInIndex = 0; path = Day10UITests.xctest; sourceTree = BUILT_PRODUCTS_DIR; };
		274AB1FB23A0BC23007979D5 /* Day10UITests.swift */ = {isa = PBXFileReference; lastKnownFileType = sourcecode.swift; path = Day10UITests.swift; sourceTree = "<group>"; };
		274AB1FD23A0BC23007979D5 /* Info.plist */ = {isa = PBXFileReference; lastKnownFileType = text.plist.xml; path = Info.plist; sourceTree = "<group>"; };
/* End PBXFileReference section */

/* Begin PBXFrameworksBuildPhase section */
		274AB1D323A0BC22007979D5 /* Frameworks */ = {
			isa = PBXFrameworksBuildPhase;
			buildActionMask = 2147483647;
			files = (
			);
			runOnlyForDeploymentPostprocessing = 0;
		};
		274AB1E923A0BC23007979D5 /* Frameworks */ = {
			isa = PBXFrameworksBuildPhase;
			buildActionMask = 2147483647;
			files = (
			);
			runOnlyForDeploymentPostprocessing = 0;
		};
		274AB1F423A0BC23007979D5 /* Frameworks */ = {
			isa = PBXFrameworksBuildPhase;
			buildActionMask = 2147483647;
			files = (
			);
			runOnlyForDeploymentPostprocessing = 0;
		};
/* End PBXFrameworksBuildPhase section */

/* Begin PBXGroup section */
		274AB1CD23A0BC22007979D5 = {
			isa = PBXGroup;
			children = (
				274AB1D823A0BC22007979D5 /* Day10 */,
				274AB1EF23A0BC23007979D5 /* Day10Tests */,
				274AB1FA23A0BC23007979D5 /* Day10UITests */,
				274AB1D723A0BC22007979D5 /* Products */,
			);
			sourceTree = "<group>";
		};
		274AB1D723A0BC22007979D5 /* Products */ = {
			isa = PBXGroup;
			children = (
				274AB1D623A0BC22007979D5 /* Day10.app */,
				274AB1EC23A0BC23007979D5 /* Day10Tests.xctest */,
				274AB1F723A0BC23007979D5 /* Day10UITests.xctest */,
			);
			name = Products;
			sourceTree = "<group>";
		};
		274AB1D823A0BC22007979D5 /* Day10 */ = {
			isa = PBXGroup;
			children = (
				274AB1D923A0BC22007979D5 /* AppDelegate.swift */,
				274AB1DB23A0BC22007979D5 /* SceneDelegate.swift */,
				274AB1DD23A0BC22007979D5 /* ViewController.swift */,
				274AB1DF23A0BC22007979D5 /* Main.storyboard */,
				274AB1E223A0BC23007979D5 /* Assets.xcassets */,
				274AB1E423A0BC23007979D5 /* LaunchScreen.storyboard */,
				274AB1E723A0BC23007979D5 /* Info.plist */,
			);
			path = Day10;
			sourceTree = "<group>";
		};
		274AB1EF23A0BC23007979D5 /* Day10Tests */ = {
			isa = PBXGroup;
			children = (
				274AB1F023A0BC23007979D5 /* Day10Tests.swift */,
				274AB1F223A0BC23007979D5 /* Info.plist */,
			);
			path = Day10Tests;
			sourceTree = "<group>";
		};
		274AB1FA23A0BC23007979D5 /* Day10UITests */ = {
			isa = PBXGroup;
			children = (
				274AB1FB23A0BC23007979D5 /* Day10UITests.swift */,
				274AB1FD23A0BC23007979D5 /* Info.plist */,
			);
			path = Day10UITests;
			sourceTree = "<group>";
		};
/* End PBXGroup section */

/* Begin PBXNativeTarget section */
		274AB1D523A0BC22007979D5 /* Day10 */ = {
			isa = PBXNativeTarget;
			buildConfigurationList = 274AB20023A0BC23007979D5 /* Build configuration list for PBXNativeTarget "Day10" */;
			buildPhases = (
				274AB1D223A0BC22007979D5 /* Sources */,
				274AB1D323A0BC22007979D5 /* Frameworks */,
				274AB1D423A0BC22007979D5 /* Resources */,
			);
			buildRules = (
			);
			dependencies = (
			);
			name = Day10;
			productName = Day10;
			productReference = 274AB1D623A0BC22007979D5 /* Day10.app */;
			productType = "com.apple.product-type.application";
		};
		274AB1EB23A0BC23007979D5 /* Day10Tests */ = {
			isa = PBXNativeTarget;
			buildConfigurationList = 274AB20323A0BC23007979D5 /* Build configuration list for PBXNativeTarget "Day10Tests" */;
			buildPhases = (
				274AB1E823A0BC23007979D5 /* Sources */,
				274AB1E923A0BC23007979D5 /* Frameworks */,
				274AB1EA23A0BC23007979D5 /* Resources */,
			);
			buildRules = (
			);
			dependencies = (
				274AB1EE23A0BC23007979D5 /* PBXTargetDependency */,
			);
			name = Day10Tests;
			productName = Day10Tests;
			productReference = 274AB1EC23A0BC23007979D5 /* Day10Tests.xctest */;
			productType = "com.apple.product-type.bundle.unit-test";
		};
		274AB1F623A0BC23007979D5 /* Day10UITests */ = {
			isa = PBXNativeTarget;
			buildConfigurationList = 274AB20623A0BC23007979D5 /* Build configuration list for PBXNativeTarget "Day10UITests" */;
			buildPhases = (
				274AB1F323A0BC23007979D5 /* Sources */,
				274AB1F423A0BC23007979D5 /* Frameworks */,
				274AB1F523A0BC23007979D5 /* Resources */,
			);
			buildRules = (
			);
			dependencies = (
				274AB1F923A0BC23007979D5 /* PBXTargetDependency */,
			);
			name = Day10UITests;
			productName = Day10UITests;
			productReference = 274AB1F723A0BC23007979D5 /* Day10UITests.xctest */;
			productType = "com.apple.product-type.bundle.ui-testing";
		};
/* End PBXNativeTarget section */

/* Begin PBXProject section */
		274AB1CE23A0BC22007979D5 /* Project object */ = {
			isa = PBXProject;
			attributes = {
				LastSwiftUpdateCheck = 1120;
				LastUpgradeCheck = 1120;
				ORGANIZATIONNAME = "Kyle Rokita";
				TargetAttributes = {
					274AB1D523A0BC22007979D5 = {
						CreatedOnToolsVersion = 11.2.1;
					};
					274AB1EB23A0BC23007979D5 = {
						CreatedOnToolsVersion = 11.2.1;
						TestTargetID = 274AB1D523A0BC22007979D5;
					};
					274AB1F623A0BC23007979D5 = {
						CreatedOnToolsVersion = 11.2.1;
						TestTargetID = 274AB1D523A0BC22007979D5;
					};
				};
			};
			buildConfigurationList = 274AB1D123A0BC22007979D5 /* Build configuration list for PBXProject "Day10" */;
			compatibilityVersion = "Xcode 9.3";
			developmentRegion = en;
			hasScannedForEncodings = 0;
			knownRegions = (
				en,
				Base,
			);
			mainGroup = 274AB1CD23A0BC22007979D5;
			productRefGroup = 274AB1D723A0BC22007979D5 /* Products */;
			projectDirPath = "";
			projectRoot = "";
			targets = (
				274AB1D523A0BC22007979D5 /* Day10 */,
				274AB1EB23A0BC23007979D5 /* Day10Tests */,
				274AB1F623A0BC23007979D5 /* Day10UITests */,
			);
		};
/* End PBXProject section */

/* Begin PBXResourcesBuildPhase section */
		274AB1D423A0BC22007979D5 /* Resources */ = {
			isa = PBXResourcesBuildPhase;
			buildActionMask = 2147483647;
			files = (
				274AB1E623A0BC23007979D5 /* LaunchScreen.storyboard in Resources */,
				274AB1E323A0BC23007979D5 /* Assets.xcassets in Resources */,
				274AB1E123A0BC22007979D5 /* Main.storyboard in Resources */,
			);
			runOnlyForDeploymentPostprocessing = 0;
		};
		274AB1EA23A0BC23007979D5 /* Resources */ = {
			isa = PBXResourcesBuildPhase;
			buildActionMask = 2147483647;
			files = (
			);
			runOnlyForDeploymentPostprocessing = 0;
		};
		274AB1F523A0BC23007979D5 /* Resources */ = {
			isa = PBXResourcesBuildPhase;
			buildActionMask = 2147483647;
			files = (
			);
			runOnlyForDeploymentPostprocessing = 0;
		};
/* End PBXResourcesBuildPhase section */

/* Begin PBXSourcesBuildPhase section */
		274AB1D223A0BC22007979D5 /* Sources */ = {
			isa = PBXSourcesBuildPhase;
			buildActionMask = 2147483647;
			files = (
				274AB1DE23A0BC22007979D5 /* ViewController.swift in Sources */,
				274AB1DA23A0BC22007979D5 /* AppDelegate.swift in Sources */,
				274AB1DC23A0BC22007979D5 /* SceneDelegate.swift in Sources */,
			);
			runOnlyForDeploymentPostprocessing = 0;
		};
		274AB1E823A0BC23007979D5 /* Sources */ = {
			isa = PBXSourcesBuildPhase;
			buildActionMask = 2147483647;
			files = (
				274AB1F123A0BC23007979D5 /* Day10Tests.swift in Sources */,
			);
			runOnlyForDeploymentPostprocessing = 0;
		};
		274AB1F323A0BC23007979D5 /* Sources */ = {
			isa = PBXSourcesBuildPhase;
			buildActionMask = 2147483647;
			files = (
				274AB1FC23A0BC23007979D5 /* Day10UITests.swift in Sources */,
			);
			runOnlyForDeploymentPostprocessing = 0;
		};
/* End PBXSourcesBuildPhase section */

/* Begin PBXTargetDependency section */
		274AB1EE23A0BC23007979D5 /* PBXTargetDependency */ = {
			isa = PBXTargetDependency;
			target = 274AB1D523A0BC22007979D5 /* Day10 */;
			targetProxy = 274AB1ED23A0BC23007979D5 /* PBXContainerItemProxy */;
		};
		274AB1F923A0BC23007979D5 /* PBXTargetDependency */ = {
			isa = PBXTargetDependency;
			target = 274AB1D523A0BC22007979D5 /* Day10 */;
			targetProxy = 274AB1F823A0BC23007979D5 /* PBXContainerItemProxy */;
		};
/* End PBXTargetDependency section */

/* Begin PBXVariantGroup section */
		274AB1DF23A0BC22007979D5 /* Main.storyboard */ = {
			isa = PBXVariantGroup;
			children = (
				274AB1E023A0BC22007979D5 /* Base */,
			);
			name = Main.storyboard;
			sourceTree = "<group>";
		};
		274AB1E423A0BC23007979D5 /* LaunchScreen.storyboard */ = {
			isa = PBXVariantGroup;
			children = (
				274AB1E523A0BC23007979D5 /* Base */,
			);
			name = LaunchScreen.storyboard;
			sourceTree = "<group>";
		};
/* End PBXVariantGroup section */

/* Begin XCBuildConfiguration section */
		274AB1FE23A0BC23007979D5 /* Debug */ = {
			isa = XCBuildConfiguration;
			buildSettings = {
				ALWAYS_SEARCH_USER_PATHS = NO;
				CLANG_ANALYZER_NONNULL = YES;
				CLANG_ANALYZER_NUMBER_OBJECT_CONVERSION = YES_AGGRESSIVE;
				CLANG_CXX_LANGUAGE_STANDARD = "gnu++14";
				CLANG_CXX_LIBRARY = "libc++";
				CLANG_ENABLE_MODULES = YES;
				CLANG_ENABLE_OBJC_ARC = YES;
				CLANG_ENABLE_OBJC_WEAK = YES;
				CLANG_WARN_BLOCK_CAPTURE_AUTORELEASING = YES;
				CLANG_WARN_BOOL_CONVERSION = YES;
				CLANG_WARN_COMMA = YES;
				CLANG_WARN_CONSTANT_CONVERSION = YES;
				CLANG_WARN_DEPRECATED_OBJC_IMPLEMENTATIONS = YES;
				CLANG_WARN_DIRECT_OBJC_ISA_USAGE = YES_ERROR;
				CLANG_WARN_DOCUMENTATION_COMMENTS = YES;
				CLANG_WARN_EMPTY_BODY = YES;
				CLANG_WARN_ENUM_CONVERSION = YES;
				CLANG_WARN_INFINITE_RECURSION = YES;
				CLANG_WARN_INT_CONVERSION = YES;
				CLANG_WARN_NON_LITERAL_NULL_CONVERSION = YES;
				CLANG_WARN_OBJC_IMPLICIT_RETAIN_SELF = YES;
				CLANG_WARN_OBJC_LITERAL_CONVERSION = YES;
				CLANG_WARN_OBJC_ROOT_CLASS = YES_ERROR;
				CLANG_WARN_RANGE_LOOP_ANALYSIS = YES;
				CLANG_WARN_STRICT_PROTOTYPES = YES;
				CLANG_WARN_SUSPICIOUS_MOVE = YES;
				CLANG_WARN_UNGUARDED_AVAILABILITY = YES_AGGRESSIVE;
				CLANG_WARN_UNREACHABLE_CODE = YES;
				CLANG_WARN__DUPLICATE_METHOD_MATCH = YES;
				COPY_PHASE_STRIP = NO;
				DEBUG_INFORMATION_FORMAT = dwarf;
				ENABLE_STRICT_OBJC_MSGSEND = YES;
				ENABLE_TESTABILITY = YES;
				GCC_C_LANGUAGE_STANDARD = gnu11;
				GCC_DYNAMIC_NO_PIC = NO;
				GCC_NO_COMMON_BLOCKS = YES;
				GCC_OPTIMIZATION_LEVEL = 0;
				GCC_PREPROCESSOR_DEFINITIONS = (
					"DEBUG=1",
					"$(inherited)",
				);
				GCC_WARN_64_TO_32_BIT_CONVERSION = YES;
				GCC_WARN_ABOUT_RETURN_TYPE = YES_ERROR;
				GCC_WARN_UNDECLARED_SELECTOR = YES;
				GCC_WARN_UNINITIALIZED_AUTOS = YES_AGGRESSIVE;
				GCC_WARN_UNUSED_FUNCTION = YES;
				GCC_WARN_UNUSED_VARIABLE = YES;
				IPHONEOS_DEPLOYMENT_TARGET = 13.2;
				MTL_ENABLE_DEBUG_INFO = INCLUDE_SOURCE;
				MTL_FAST_MATH = YES;
				ONLY_ACTIVE_ARCH = YES;
				SDKROOT = iphoneos;
				SWIFT_ACTIVE_COMPILATION_CONDITIONS = DEBUG;
				SWIFT_OPTIMIZATION_LEVEL = "-Onone";
			};
			name = Debug;
		};
		274AB1FF23A0BC23007979D5 /* Release */ = {
			isa = XCBuildConfiguration;
			buildSettings = {
				ALWAYS_SEARCH_USER_PATHS = NO;
				CLANG_ANALYZER_NONNULL = YES;
				CLANG_ANALYZER_NUMBER_OBJECT_CONVERSION = YES_AGGRESSIVE;
				CLANG_CXX_LANGUAGE_STANDARD = "gnu++14";
				CLANG_CXX_LIBRARY = "libc++";
				CLANG_ENABLE_MODULES = YES;
				CLANG_ENABLE_OBJC_ARC = YES;
				CLANG_ENABLE_OBJC_WEAK = YES;
				CLANG_WARN_BLOCK_CAPTURE_AUTORELEASING = YES;
				CLANG_WARN_BOOL_CONVERSION = YES;
				CLANG_WARN_COMMA = YES;
				CLANG_WARN_CONSTANT_CONVERSION = YES;
				CLANG_WARN_DEPRECATED_OBJC_IMPLEMENTATIONS = YES;
				CLANG_WARN_DIRECT_OBJC_ISA_USAGE = YES_ERROR;
				CLANG_WARN_DOCUMENTATION_COMMENTS = YES;
				CLANG_WARN_EMPTY_BODY = YES;
				CLANG_WARN_ENUM_CONVERSION = YES;
				CLANG_WARN_INFINITE_RECURSION = YES;
				CLANG_WARN_INT_CONVERSION = YES;
				CLANG_WARN_NON_LITERAL_NULL_CONVERSION = YES;
				CLANG_WARN_OBJC_IMPLICIT_RETAIN_SELF = YES;
				CLANG_WARN_OBJC_LITERAL_CONVERSION = YES;
				CLANG_WARN_OBJC_ROOT_CLASS = YES_ERROR;
				CLANG_WARN_RANGE_LOOP_ANALYSIS = YES;
				CLANG_WARN_STRICT_PROTOTYPES = YES;
				CLANG_WARN_SUSPICIOUS_MOVE = YES;
				CLANG_WARN_UNGUARDED_AVAILABILITY = YES_AGGRESSIVE;
				CLANG_WARN_UNREACHABLE_CODE = YES;
				CLANG_WARN__DUPLICATE_METHOD_MATCH = YES;
				COPY_PHASE_STRIP = NO;
				DEBUG_INFORMATION_FORMAT = "dwarf-with-dsym";
				ENABLE_NS_ASSERTIONS = NO;
				ENABLE_STRICT_OBJC_MSGSEND = YES;
				GCC_C_LANGUAGE_STANDARD = gnu11;
				GCC_NO_COMMON_BLOCKS = YES;
				GCC_WARN_64_TO_32_BIT_CONVERSION = YES;
				GCC_WARN_ABOUT_RETURN_TYPE = YES_ERROR;
				GCC_WARN_UNDECLARED_SELECTOR = YES;
				GCC_WARN_UNINITIALIZED_AUTOS = YES_AGGRESSIVE;
				GCC_WARN_UNUSED_FUNCTION = YES;
				GCC_WARN_UNUSED_VARIABLE = YES;
				IPHONEOS_DEPLOYMENT_TARGET = 13.2;
				MTL_ENABLE_DEBUG_INFO = NO;
				MTL_FAST_MATH = YES;
				SDKROOT = iphoneos;
				SWIFT_COMPILATION_MODE = wholemodule;
				SWIFT_OPTIMIZATION_LEVEL = "-O";
				VALIDATE_PRODUCT = YES;
			};
			name = Release;
		};
		274AB20123A0BC23007979D5 /* Debug */ = {
			isa = XCBuildConfiguration;
			buildSettings = {
				ASSETCATALOG_COMPILER_APPICON_NAME = AppIcon;
				CODE_SIGN_STYLE = Automatic;
				DEVELOPMENT_TEAM = LV5658FM4K;
				INFOPLIST_FILE = Day10/Info.plist;
				LD_RUNPATH_SEARCH_PATHS = (
					"$(inherited)",
					"@executable_path/Frameworks",
				);
				PRODUCT_BUNDLE_IDENTIFIER = com.kyle.Day10;
				PRODUCT_NAME = "$(TARGET_NAME)";
				SWIFT_VERSION = 5.0;
				TARGETED_DEVICE_FAMILY = "1,2";
			};
			name = Debug;
		};
		274AB20223A0BC23007979D5 /* Release */ = {
			isa = XCBuildConfiguration;
			buildSettings = {
				ASSETCATALOG_COMPILER_APPICON_NAME = AppIcon;
				CODE_SIGN_STYLE = Automatic;
				DEVELOPMENT_TEAM = LV5658FM4K;
				INFOPLIST_FILE = Day10/Info.plist;
				LD_RUNPATH_SEARCH_PATHS = (
					"$(inherited)",
					"@executable_path/Frameworks",
				);
				PRODUCT_BUNDLE_IDENTIFIER = com.kyle.Day10;
				PRODUCT_NAME = "$(TARGET_NAME)";
				SWIFT_VERSION = 5.0;
				TARGETED_DEVICE_FAMILY = "1,2";
			};
			name = Release;
		};
		274AB20423A0BC23007979D5 /* Debug */ = {
			isa = XCBuildConfiguration;
			buildSettings = {
				ALWAYS_EMBED_SWIFT_STANDARD_LIBRARIES = YES;
				BUNDLE_LOADER = "$(TEST_HOST)";
				CODE_SIGN_STYLE = Automatic;
				DEVELOPMENT_TEAM = LV5658FM4K;
				INFOPLIST_FILE = Day10Tests/Info.plist;
				IPHONEOS_DEPLOYMENT_TARGET = 13.2;
				LD_RUNPATH_SEARCH_PATHS = (
					"$(inherited)",
					"@executable_path/Frameworks",
					"@loader_path/Frameworks",
				);
				PRODUCT_BUNDLE_IDENTIFIER = com.kyle.Day10Tests;
				PRODUCT_NAME = "$(TARGET_NAME)";
				SWIFT_VERSION = 5.0;
				TARGETED_DEVICE_FAMILY = "1,2";
				TEST_HOST = "$(BUILT_PRODUCTS_DIR)/Day10.app/Day10";
			};
			name = Debug;
		};
		274AB20523A0BC23007979D5 /* Release */ = {
			isa = XCBuildConfiguration;
			buildSettings = {
				ALWAYS_EMBED_SWIFT_STANDARD_LIBRARIES = YES;
				BUNDLE_LOADER = "$(TEST_HOST)";
				CODE_SIGN_STYLE = Automatic;
				DEVELOPMENT_TEAM = LV5658FM4K;
				INFOPLIST_FILE = Day10Tests/Info.plist;
				IPHONEOS_DEPLOYMENT_TARGET = 13.2;
				LD_RUNPATH_SEARCH_PATHS = (
					"$(inherited)",
					"@executable_path/Frameworks",
					"@loader_path/Frameworks",
				);
				PRODUCT_BUNDLE_IDENTIFIER = com.kyle.Day10Tests;
				PRODUCT_NAME = "$(TARGET_NAME)";
				SWIFT_VERSION = 5.0;
				TARGETED_DEVICE_FAMILY = "1,2";
				TEST_HOST = "$(BUILT_PRODUCTS_DIR)/Day10.app/Day10";
			};
			name = Release;
		};
		274AB20723A0BC23007979D5 /* Debug */ = {
			isa = XCBuildConfiguration;
			buildSettings = {
				ALWAYS_EMBED_SWIFT_STANDARD_LIBRARIES = YES;
				CODE_SIGN_STYLE = Automatic;
				DEVELOPMENT_TEAM = LV5658FM4K;
				INFOPLIST_FILE = Day10UITests/Info.plist;
				LD_RUNPATH_SEARCH_PATHS = (
					"$(inherited)",
					"@executable_path/Frameworks",
					"@loader_path/Frameworks",
				);
				PRODUCT_BUNDLE_IDENTIFIER = com.kyle.Day10UITests;
				PRODUCT_NAME = "$(TARGET_NAME)";
				SWIFT_VERSION = 5.0;
				TARGETED_DEVICE_FAMILY = "1,2";
				TEST_TARGET_NAME = Day10;
			};
			name = Debug;
		};
		274AB20823A0BC23007979D5 /* Release */ = {
			isa = XCBuildConfiguration;
			buildSettings = {
				ALWAYS_EMBED_SWIFT_STANDARD_LIBRARIES = YES;
				CODE_SIGN_STYLE = Automatic;
				DEVELOPMENT_TEAM = LV5658FM4K;
				INFOPLIST_FILE = Day10UITests/Info.plist;
				LD_RUNPATH_SEARCH_PATHS = (
					"$(inherited)",
					"@executable_path/Frameworks",
					"@loader_path/Frameworks",
				);
				PRODUCT_BUNDLE_IDENTIFIER = com.kyle.Day10UITests;
				PRODUCT_NAME = "$(TARGET_NAME)";
				SWIFT_VERSION = 5.0;
				TARGETED_DEVICE_FAMILY = "1,2";
				TEST_TARGET_NAME = Day10;
			};
			name = Release;
		};
/* End XCBuildConfiguration section */

/* Begin XCConfigurationList section */
		274AB1D123A0BC22007979D5 /* Build configuration list for PBXProject "Day10" */ = {
			isa = XCConfigurationList;
			buildConfigurations = (
				274AB1FE23A0BC23007979D5 /* Debug */,
				274AB1FF23A0BC23007979D5 /* Release */,
			);
			defaultConfigurationIsVisible = 0;
			defaultConfigurationName = Release;
		};
		274AB20023A0BC23007979D5 /* Build configuration list for PBXNativeTarget "Day10" */ = {
			isa = XCConfigurationList;
			buildConfigurations = (
				274AB20123A0BC23007979D5 /* Debug */,
				274AB20223A0BC23007979D5 /* Release */,
			);
			defaultConfigurationIsVisible = 0;
			defaultConfigurationName = Release;
		};
		274AB20323A0BC23007979D5 /* Build configuration list for PBXNativeTarget "Day10Tests" */ = {
			isa = XCConfigurationList;
			buildConfigurations = (
				274AB20423A0BC23007979D5 /* Debug */,
				274AB20523A0BC23007979D5 /* Release */,
			);
			defaultConfigurationIsVisible = 0;
			defaultConfigurationName = Release;
		};
		274AB20623A0BC23007979D5 /* Build configuration list for PBXNativeTarget "Day10UITests" */ = {
			isa = XCConfigurationList;
			buildConfigurations = (
				274AB20723A0BC23007979D5 /* Debug */,
				274AB20823A0BC23007979D5 /* Release */,
			);
			defaultConfigurationIsVisible = 0;
			defaultConfigurationName = Release;
		};
/* End XCConfigurationList section */
	};
	rootObject = 274AB1CE23A0BC22007979D5 /* Project object */;
}
