// !$*UTF8*$!
{
	archiveVersion = 1;
	classes = {
	};
	objectVersion = 50;
	objects = {

/* Begin PBXBuildFile section */
		274AB34223A94026007979D5 /* AppDelegate.swift in Sources */ = {isa = PBXBuildFile; fileRef = 274AB34123A94026007979D5 /* AppDelegate.swift */; };
		274AB34423A94026007979D5 /* SceneDelegate.swift in Sources */ = {isa = PBXBuildFile; fileRef = 274AB34323A94026007979D5 /* SceneDelegate.swift */; };
		274AB34623A94026007979D5 /* ViewController.swift in Sources */ = {isa = PBXBuildFile; fileRef = 274AB34523A94026007979D5 /* ViewController.swift */; };
		274AB34923A94026007979D5 /* Main.storyboard in Resources */ = {isa = PBXBuildFile; fileRef = 274AB34723A94026007979D5 /* Main.storyboard */; };
		274AB34B23A94028007979D5 /* Assets.xcassets in Resources */ = {isa = PBXBuildFile; fileRef = 274AB34A23A94028007979D5 /* Assets.xcassets */; };
		274AB34E23A94028007979D5 /* LaunchScreen.storyboard in Resources */ = {isa = PBXBuildFile; fileRef = 274AB34C23A94028007979D5 /* LaunchScreen.storyboard */; };
		274AB35923A94028007979D5 /* Day14Tests.swift in Sources */ = {isa = PBXBuildFile; fileRef = 274AB35823A94028007979D5 /* Day14Tests.swift */; };
		274AB36423A94028007979D5 /* Day14UITests.swift in Sources */ = {isa = PBXBuildFile; fileRef = 274AB36323A94028007979D5 /* Day14UITests.swift */; };
/* End PBXBuildFile section */

/* Begin PBXContainerItemProxy section */
		274AB35523A94028007979D5 /* PBXContainerItemProxy */ = {
			isa = PBXContainerItemProxy;
			containerPortal = 274AB33623A94026007979D5 /* Project object */;
			proxyType = 1;
			remoteGlobalIDString = 274AB33D23A94026007979D5;
			remoteInfo = Day14;
		};
		274AB36023A94028007979D5 /* PBXContainerItemProxy */ = {
			isa = PBXContainerItemProxy;
			containerPortal = 274AB33623A94026007979D5 /* Project object */;
			proxyType = 1;
			remoteGlobalIDString = 274AB33D23A94026007979D5;
			remoteInfo = Day14;
		};
/* End PBXContainerItemProxy section */

/* Begin PBXFileReference section */
		274AB33E23A94026007979D5 /* Day14.app */ = {isa = PBXFileReference; explicitFileType = wrapper.application; includeInIndex = 0; path = Day14.app; sourceTree = BUILT_PRODUCTS_DIR; };
		274AB34123A94026007979D5 /* AppDelegate.swift */ = {isa = PBXFileReference; lastKnownFileType = sourcecode.swift; path = AppDelegate.swift; sourceTree = "<group>"; };
		274AB34323A94026007979D5 /* SceneDelegate.swift */ = {isa = PBXFileReference; lastKnownFileType = sourcecode.swift; path = SceneDelegate.swift; sourceTree = "<group>"; };
		274AB34523A94026007979D5 /* ViewController.swift */ = {isa = PBXFileReference; lastKnownFileType = sourcecode.swift; path = ViewController.swift; sourceTree = "<group>"; };
		274AB34823A94026007979D5 /* Base */ = {isa = PBXFileReference; lastKnownFileType = file.storyboard; name = Base; path = Base.lproj/Main.storyboard; sourceTree = "<group>"; };
		274AB34A23A94028007979D5 /* Assets.xcassets */ = {isa = PBXFileReference; lastKnownFileType = folder.assetcatalog; path = Assets.xcassets; sourceTree = "<group>"; };
		274AB34D23A94028007979D5 /* Base */ = {isa = PBXFileReference; lastKnownFileType = file.storyboard; name = Base; path = Base.lproj/LaunchScreen.storyboard; sourceTree = "<group>"; };
		274AB34F23A94028007979D5 /* Info.plist */ = {isa = PBXFileReference; lastKnownFileType = text.plist.xml; path = Info.plist; sourceTree = "<group>"; };
		274AB35423A94028007979D5 /* Day14Tests.xctest */ = {isa = PBXFileReference; explicitFileType = wrapper.cfbundle; includeInIndex = 0; path = Day14Tests.xctest; sourceTree = BUILT_PRODUCTS_DIR; };
		274AB35823A94028007979D5 /* Day14Tests.swift */ = {isa = PBXFileReference; lastKnownFileType = sourcecode.swift; path = Day14Tests.swift; sourceTree = "<group>"; };
		274AB35A23A94028007979D5 /* Info.plist */ = {isa = PBXFileReference; lastKnownFileType = text.plist.xml; path = Info.plist; sourceTree = "<group>"; };
		274AB35F23A94028007979D5 /* Day14UITests.xctest */ = {isa = PBXFileReference; explicitFileType = wrapper.cfbundle; includeInIndex = 0; path = Day14UITests.xctest; sourceTree = BUILT_PRODUCTS_DIR; };
		274AB36323A94028007979D5 /* Day14UITests.swift */ = {isa = PBXFileReference; lastKnownFileType = sourcecode.swift; path = Day14UITests.swift; sourceTree = "<group>"; };
		274AB36523A94028007979D5 /* Info.plist */ = {isa = PBXFileReference; lastKnownFileType = text.plist.xml; path = Info.plist; sourceTree = "<group>"; };
/* End PBXFileReference section */

/* Begin PBXFrameworksBuildPhase section */
		274AB33B23A94026007979D5 /* Frameworks */ = {
			isa = PBXFrameworksBuildPhase;
			buildActionMask = 2147483647;
			files = (
			);
			runOnlyForDeploymentPostprocessing = 0;
		};
		274AB35123A94028007979D5 /* Frameworks */ = {
			isa = PBXFrameworksBuildPhase;
			buildActionMask = 2147483647;
			files = (
			);
			runOnlyForDeploymentPostprocessing = 0;
		};
		274AB35C23A94028007979D5 /* Frameworks */ = {
			isa = PBXFrameworksBuildPhase;
			buildActionMask = 2147483647;
			files = (
			);
			runOnlyForDeploymentPostprocessing = 0;
		};
/* End PBXFrameworksBuildPhase section */

/* Begin PBXGroup section */
		274AB33523A94026007979D5 = {
			isa = PBXGroup;
			children = (
				274AB34023A94026007979D5 /* Day14 */,
				274AB35723A94028007979D5 /* Day14Tests */,
				274AB36223A94028007979D5 /* Day14UITests */,
				274AB33F23A94026007979D5 /* Products */,
			);
			sourceTree = "<group>";
		};
		274AB33F23A94026007979D5 /* Products */ = {
			isa = PBXGroup;
			children = (
				274AB33E23A94026007979D5 /* Day14.app */,
				274AB35423A94028007979D5 /* Day14Tests.xctest */,
				274AB35F23A94028007979D5 /* Day14UITests.xctest */,
			);
			name = Products;
			sourceTree = "<group>";
		};
		274AB34023A94026007979D5 /* Day14 */ = {
			isa = PBXGroup;
			children = (
				274AB34123A94026007979D5 /* AppDelegate.swift */,
				274AB34323A94026007979D5 /* SceneDelegate.swift */,
				274AB34523A94026007979D5 /* ViewController.swift */,
				274AB34723A94026007979D5 /* Main.storyboard */,
				274AB34A23A94028007979D5 /* Assets.xcassets */,
				274AB34C23A94028007979D5 /* LaunchScreen.storyboard */,
				274AB34F23A94028007979D5 /* Info.plist */,
			);
			path = Day14;
			sourceTree = "<group>";
		};
		274AB35723A94028007979D5 /* Day14Tests */ = {
			isa = PBXGroup;
			children = (
				274AB35823A94028007979D5 /* Day14Tests.swift */,
				274AB35A23A94028007979D5 /* Info.plist */,
			);
			path = Day14Tests;
			sourceTree = "<group>";
		};
		274AB36223A94028007979D5 /* Day14UITests */ = {
			isa = PBXGroup;
			children = (
				274AB36323A94028007979D5 /* Day14UITests.swift */,
				274AB36523A94028007979D5 /* Info.plist */,
			);
			path = Day14UITests;
			sourceTree = "<group>";
		};
/* End PBXGroup section */

/* Begin PBXNativeTarget section */
		274AB33D23A94026007979D5 /* Day14 */ = {
			isa = PBXNativeTarget;
			buildConfigurationList = 274AB36823A94028007979D5 /* Build configuration list for PBXNativeTarget "Day14" */;
			buildPhases = (
				274AB33A23A94026007979D5 /* Sources */,
				274AB33B23A94026007979D5 /* Frameworks */,
				274AB33C23A94026007979D5 /* Resources */,
			);
			buildRules = (
			);
			dependencies = (
			);
			name = Day14;
			productName = Day14;
			productReference = 274AB33E23A94026007979D5 /* Day14.app */;
			productType = "com.apple.product-type.application";
		};
		274AB35323A94028007979D5 /* Day14Tests */ = {
			isa = PBXNativeTarget;
			buildConfigurationList = 274AB36B23A94028007979D5 /* Build configuration list for PBXNativeTarget "Day14Tests" */;
			buildPhases = (
				274AB35023A94028007979D5 /* Sources */,
				274AB35123A94028007979D5 /* Frameworks */,
				274AB35223A94028007979D5 /* Resources */,
			);
			buildRules = (
			);
			dependencies = (
				274AB35623A94028007979D5 /* PBXTargetDependency */,
			);
			name = Day14Tests;
			productName = Day14Tests;
			productReference = 274AB35423A94028007979D5 /* Day14Tests.xctest */;
			productType = "com.apple.product-type.bundle.unit-test";
		};
		274AB35E23A94028007979D5 /* Day14UITests */ = {
			isa = PBXNativeTarget;
			buildConfigurationList = 274AB36E23A94028007979D5 /* Build configuration list for PBXNativeTarget "Day14UITests" */;
			buildPhases = (
				274AB35B23A94028007979D5 /* Sources */,
				274AB35C23A94028007979D5 /* Frameworks */,
				274AB35D23A94028007979D5 /* Resources */,
			);
			buildRules = (
			);
			dependencies = (
				274AB36123A94028007979D5 /* PBXTargetDependency */,
			);
			name = Day14UITests;
			productName = Day14UITests;
			productReference = 274AB35F23A94028007979D5 /* Day14UITests.xctest */;
			productType = "com.apple.product-type.bundle.ui-testing";
		};
/* End PBXNativeTarget section */

/* Begin PBXProject section */
		274AB33623A94026007979D5 /* Project object */ = {
			isa = PBXProject;
			attributes = {
				LastSwiftUpdateCheck = 1120;
				LastUpgradeCheck = 1120;
				ORGANIZATIONNAME = "Kyle Rokita";
				TargetAttributes = {
					274AB33D23A94026007979D5 = {
						CreatedOnToolsVersion = 11.2.1;
					};
					274AB35323A94028007979D5 = {
						CreatedOnToolsVersion = 11.2.1;
						TestTargetID = 274AB33D23A94026007979D5;
					};
					274AB35E23A94028007979D5 = {
						CreatedOnToolsVersion = 11.2.1;
						TestTargetID = 274AB33D23A94026007979D5;
					};
				};
			};
			buildConfigurationList = 274AB33923A94026007979D5 /* Build configuration list for PBXProject "Day14" */;
			compatibilityVersion = "Xcode 9.3";
			developmentRegion = en;
			hasScannedForEncodings = 0;
			knownRegions = (
				en,
				Base,
			);
			mainGroup = 274AB33523A94026007979D5;
			productRefGroup = 274AB33F23A94026007979D5 /* Products */;
			projectDirPath = "";
			projectRoot = "";
			targets = (
				274AB33D23A94026007979D5 /* Day14 */,
				274AB35323A94028007979D5 /* Day14Tests */,
				274AB35E23A94028007979D5 /* Day14UITests */,
			);
		};
/* End PBXProject section */

/* Begin PBXResourcesBuildPhase section */
		274AB33C23A94026007979D5 /* Resources */ = {
			isa = PBXResourcesBuildPhase;
			buildActionMask = 2147483647;
			files = (
				274AB34E23A94028007979D5 /* LaunchScreen.storyboard in Resources */,
				274AB34B23A94028007979D5 /* Assets.xcassets in Resources */,
				274AB34923A94026007979D5 /* Main.storyboard in Resources */,
			);
			runOnlyForDeploymentPostprocessing = 0;
		};
		274AB35223A94028007979D5 /* Resources */ = {
			isa = PBXResourcesBuildPhase;
			buildActionMask = 2147483647;
			files = (
			);
			runOnlyForDeploymentPostprocessing = 0;
		};
		274AB35D23A94028007979D5 /* Resources */ = {
			isa = PBXResourcesBuildPhase;
			buildActionMask = 2147483647;
			files = (
			);
			runOnlyForDeploymentPostprocessing = 0;
		};
/* End PBXResourcesBuildPhase section */

/* Begin PBXSourcesBuildPhase section */
		274AB33A23A94026007979D5 /* Sources */ = {
			isa = PBXSourcesBuildPhase;
			buildActionMask = 2147483647;
			files = (
				274AB34623A94026007979D5 /* ViewController.swift in Sources */,
				274AB34223A94026007979D5 /* AppDelegate.swift in Sources */,
				274AB34423A94026007979D5 /* SceneDelegate.swift in Sources */,
			);
			runOnlyForDeploymentPostprocessing = 0;
		};
		274AB35023A94028007979D5 /* Sources */ = {
			isa = PBXSourcesBuildPhase;
			buildActionMask = 2147483647;
			files = (
				274AB35923A94028007979D5 /* Day14Tests.swift in Sources */,
			);
			runOnlyForDeploymentPostprocessing = 0;
		};
		274AB35B23A94028007979D5 /* Sources */ = {
			isa = PBXSourcesBuildPhase;
			buildActionMask = 2147483647;
			files = (
				274AB36423A94028007979D5 /* Day14UITests.swift in Sources */,
			);
			runOnlyForDeploymentPostprocessing = 0;
		};
/* End PBXSourcesBuildPhase section */

/* Begin PBXTargetDependency section */
		274AB35623A94028007979D5 /* PBXTargetDependency */ = {
			isa = PBXTargetDependency;
			target = 274AB33D23A94026007979D5 /* Day14 */;
			targetProxy = 274AB35523A94028007979D5 /* PBXContainerItemProxy */;
		};
		274AB36123A94028007979D5 /* PBXTargetDependency */ = {
			isa = PBXTargetDependency;
			target = 274AB33D23A94026007979D5 /* Day14 */;
			targetProxy = 274AB36023A94028007979D5 /* PBXContainerItemProxy */;
		};
/* End PBXTargetDependency section */

/* Begin PBXVariantGroup section */
		274AB34723A94026007979D5 /* Main.storyboard */ = {
			isa = PBXVariantGroup;
			children = (
				274AB34823A94026007979D5 /* Base */,
			);
			name = Main.storyboard;
			sourceTree = "<group>";
		};
		274AB34C23A94028007979D5 /* LaunchScreen.storyboard */ = {
			isa = PBXVariantGroup;
			children = (
				274AB34D23A94028007979D5 /* Base */,
			);
			name = LaunchScreen.storyboard;
			sourceTree = "<group>";
		};
/* End PBXVariantGroup section */

/* Begin XCBuildConfiguration section */
		274AB36623A94028007979D5 /* Debug */ = {
			isa = XCBuildConfiguration;
			buildSettings = {
				ALWAYS_SEARCH_USER_PATHS = NO;
				CLANG_ANALYZER_NONNULL = YES;
				CLANG_ANALYZER_NUMBER_OBJECT_CONVERSION = YES_AGGRESSIVE;
				CLANG_CXX_LANGUAGE_STANDARD = "gnu++14";
				CLANG_CXX_LIBRARY = "libc++";
				CLANG_ENABLE_MODULES = YES;
				CLANG_ENABLE_OBJC_ARC = YES;
				CLANG_ENABLE_OBJC_WEAK = YES;
				CLANG_WARN_BLOCK_CAPTURE_AUTORELEASING = YES;
				CLANG_WARN_BOOL_CONVERSION = YES;
				CLANG_WARN_COMMA = YES;
				CLANG_WARN_CONSTANT_CONVERSION = YES;
				CLANG_WARN_DEPRECATED_OBJC_IMPLEMENTATIONS = YES;
				CLANG_WARN_DIRECT_OBJC_ISA_USAGE = YES_ERROR;
				CLANG_WARN_DOCUMENTATION_COMMENTS = YES;
				CLANG_WARN_EMPTY_BODY = YES;
				CLANG_WARN_ENUM_CONVERSION = YES;
				CLANG_WARN_INFINITE_RECURSION = YES;
				CLANG_WARN_INT_CONVERSION = YES;
				CLANG_WARN_NON_LITERAL_NULL_CONVERSION = YES;
				CLANG_WARN_OBJC_IMPLICIT_RETAIN_SELF = YES;
				CLANG_WARN_OBJC_LITERAL_CONVERSION = YES;
				CLANG_WARN_OBJC_ROOT_CLASS = YES_ERROR;
				CLANG_WARN_RANGE_LOOP_ANALYSIS = YES;
				CLANG_WARN_STRICT_PROTOTYPES = YES;
				CLANG_WARN_SUSPICIOUS_MOVE = YES;
				CLANG_WARN_UNGUARDED_AVAILABILITY = YES_AGGRESSIVE;
				CLANG_WARN_UNREACHABLE_CODE = YES;
				CLANG_WARN__DUPLICATE_METHOD_MATCH = YES;
				COPY_PHASE_STRIP = NO;
				DEBUG_INFORMATION_FORMAT = dwarf;
				ENABLE_STRICT_OBJC_MSGSEND = YES;
				ENABLE_TESTABILITY = YES;
				GCC_C_LANGUAGE_STANDARD = gnu11;
				GCC_DYNAMIC_NO_PIC = NO;
				GCC_NO_COMMON_BLOCKS = YES;
				GCC_OPTIMIZATION_LEVEL = 0;
				GCC_PREPROCESSOR_DEFINITIONS = (
					"DEBUG=1",
					"$(inherited)",
				);
				GCC_WARN_64_TO_32_BIT_CONVERSION = YES;
				GCC_WARN_ABOUT_RETURN_TYPE = YES_ERROR;
				GCC_WARN_UNDECLARED_SELECTOR = YES;
				GCC_WARN_UNINITIALIZED_AUTOS = YES_AGGRESSIVE;
				GCC_WARN_UNUSED_FUNCTION = YES;
				GCC_WARN_UNUSED_VARIABLE = YES;
				IPHONEOS_DEPLOYMENT_TARGET = 13.2;
				MTL_ENABLE_DEBUG_INFO = INCLUDE_SOURCE;
				MTL_FAST_MATH = YES;
				ONLY_ACTIVE_ARCH = YES;
				SDKROOT = iphoneos;
				SWIFT_ACTIVE_COMPILATION_CONDITIONS = DEBUG;
				SWIFT_OPTIMIZATION_LEVEL = "-Onone";
			};
			name = Debug;
		};
		274AB36723A94028007979D5 /* Release */ = {
			isa = XCBuildConfiguration;
			buildSettings = {
				ALWAYS_SEARCH_USER_PATHS = NO;
				CLANG_ANALYZER_NONNULL = YES;
				CLANG_ANALYZER_NUMBER_OBJECT_CONVERSION = YES_AGGRESSIVE;
				CLANG_CXX_LANGUAGE_STANDARD = "gnu++14";
				CLANG_CXX_LIBRARY = "libc++";
				CLANG_ENABLE_MODULES = YES;
				CLANG_ENABLE_OBJC_ARC = YES;
				CLANG_ENABLE_OBJC_WEAK = YES;
				CLANG_WARN_BLOCK_CAPTURE_AUTORELEASING = YES;
				CLANG_WARN_BOOL_CONVERSION = YES;
				CLANG_WARN_COMMA = YES;
				CLANG_WARN_CONSTANT_CONVERSION = YES;
				CLANG_WARN_DEPRECATED_OBJC_IMPLEMENTATIONS = YES;
				CLANG_WARN_DIRECT_OBJC_ISA_USAGE = YES_ERROR;
				CLANG_WARN_DOCUMENTATION_COMMENTS = YES;
				CLANG_WARN_EMPTY_BODY = YES;
				CLANG_WARN_ENUM_CONVERSION = YES;
				CLANG_WARN_INFINITE_RECURSION = YES;
				CLANG_WARN_INT_CONVERSION = YES;
				CLANG_WARN_NON_LITERAL_NULL_CONVERSION = YES;
				CLANG_WARN_OBJC_IMPLICIT_RETAIN_SELF = YES;
				CLANG_WARN_OBJC_LITERAL_CONVERSION = YES;
				CLANG_WARN_OBJC_ROOT_CLASS = YES_ERROR;
				CLANG_WARN_RANGE_LOOP_ANALYSIS = YES;
				CLANG_WARN_STRICT_PROTOTYPES = YES;
				CLANG_WARN_SUSPICIOUS_MOVE = YES;
				CLANG_WARN_UNGUARDED_AVAILABILITY = YES_AGGRESSIVE;
				CLANG_WARN_UNREACHABLE_CODE = YES;
				CLANG_WARN__DUPLICATE_METHOD_MATCH = YES;
				COPY_PHASE_STRIP = NO;
				DEBUG_INFORMATION_FORMAT = "dwarf-with-dsym";
				ENABLE_NS_ASSERTIONS = NO;
				ENABLE_STRICT_OBJC_MSGSEND = YES;
				GCC_C_LANGUAGE_STANDARD = gnu11;
				GCC_NO_COMMON_BLOCKS = YES;
				GCC_WARN_64_TO_32_BIT_CONVERSION = YES;
				GCC_WARN_ABOUT_RETURN_TYPE = YES_ERROR;
				GCC_WARN_UNDECLARED_SELECTOR = YES;
				GCC_WARN_UNINITIALIZED_AUTOS = YES_AGGRESSIVE;
				GCC_WARN_UNUSED_FUNCTION = YES;
				GCC_WARN_UNUSED_VARIABLE = YES;
				IPHONEOS_DEPLOYMENT_TARGET = 13.2;
				MTL_ENABLE_DEBUG_INFO = NO;
				MTL_FAST_MATH = YES;
				SDKROOT = iphoneos;
				SWIFT_COMPILATION_MODE = wholemodule;
				SWIFT_OPTIMIZATION_LEVEL = "-O";
				VALIDATE_PRODUCT = YES;
			};
			name = Release;
		};
		274AB36923A94028007979D5 /* Debug */ = {
			isa = XCBuildConfiguration;
			buildSettings = {
				ASSETCATALOG_COMPILER_APPICON_NAME = AppIcon;
				CODE_SIGN_STYLE = Automatic;
				DEVELOPMENT_TEAM = LV5658FM4K;
				INFOPLIST_FILE = Day14/Info.plist;
				LD_RUNPATH_SEARCH_PATHS = (
					"$(inherited)",
					"@executable_path/Frameworks",
				);
				PRODUCT_BUNDLE_IDENTIFIER = com.kyle.Day14;
				PRODUCT_NAME = "$(TARGET_NAME)";
				SWIFT_VERSION = 5.0;
				TARGETED_DEVICE_FAMILY = "1,2";
			};
			name = Debug;
		};
		274AB36A23A94028007979D5 /* Release */ = {
			isa = XCBuildConfiguration;
			buildSettings = {
				ASSETCATALOG_COMPILER_APPICON_NAME = AppIcon;
				CODE_SIGN_STYLE = Automatic;
				DEVELOPMENT_TEAM = LV5658FM4K;
				INFOPLIST_FILE = Day14/Info.plist;
				LD_RUNPATH_SEARCH_PATHS = (
					"$(inherited)",
					"@executable_path/Frameworks",
				);
				PRODUCT_BUNDLE_IDENTIFIER = com.kyle.Day14;
				PRODUCT_NAME = "$(TARGET_NAME)";
				SWIFT_VERSION = 5.0;
				TARGETED_DEVICE_FAMILY = "1,2";
			};
			name = Release;
		};
		274AB36C23A94028007979D5 /* Debug */ = {
			isa = XCBuildConfiguration;
			buildSettings = {
				ALWAYS_EMBED_SWIFT_STANDARD_LIBRARIES = YES;
				BUNDLE_LOADER = "$(TEST_HOST)";
				CODE_SIGN_STYLE = Automatic;
				DEVELOPMENT_TEAM = LV5658FM4K;
				INFOPLIST_FILE = Day14Tests/Info.plist;
				IPHONEOS_DEPLOYMENT_TARGET = 13.2;
				LD_RUNPATH_SEARCH_PATHS = (
					"$(inherited)",
					"@executable_path/Frameworks",
					"@loader_path/Frameworks",
				);
				PRODUCT_BUNDLE_IDENTIFIER = com.kyle.Day14Tests;
				PRODUCT_NAME = "$(TARGET_NAME)";
				SWIFT_VERSION = 5.0;
				TARGETED_DEVICE_FAMILY = "1,2";
				TEST_HOST = "$(BUILT_PRODUCTS_DIR)/Day14.app/Day14";
			};
			name = Debug;
		};
		274AB36D23A94028007979D5 /* Release */ = {
			isa = XCBuildConfiguration;
			buildSettings = {
				ALWAYS_EMBED_SWIFT_STANDARD_LIBRARIES = YES;
				BUNDLE_LOADER = "$(TEST_HOST)";
				CODE_SIGN_STYLE = Automatic;
				DEVELOPMENT_TEAM = LV5658FM4K;
				INFOPLIST_FILE = Day14Tests/Info.plist;
				IPHONEOS_DEPLOYMENT_TARGET = 13.2;
				LD_RUNPATH_SEARCH_PATHS = (
					"$(inherited)",
					"@executable_path/Frameworks",
					"@loader_path/Frameworks",
				);
				PRODUCT_BUNDLE_IDENTIFIER = com.kyle.Day14Tests;
				PRODUCT_NAME = "$(TARGET_NAME)";
				SWIFT_VERSION = 5.0;
				TARGETED_DEVICE_FAMILY = "1,2";
				TEST_HOST = "$(BUILT_PRODUCTS_DIR)/Day14.app/Day14";
			};
			name = Release;
		};
		274AB36F23A94028007979D5 /* Debug */ = {
			isa = XCBuildConfiguration;
			buildSettings = {
				ALWAYS_EMBED_SWIFT_STANDARD_LIBRARIES = YES;
				CODE_SIGN_STYLE = Automatic;
				DEVELOPMENT_TEAM = LV5658FM4K;
				INFOPLIST_FILE = Day14UITests/Info.plist;
				LD_RUNPATH_SEARCH_PATHS = (
					"$(inherited)",
					"@executable_path/Frameworks",
					"@loader_path/Frameworks",
				);
				PRODUCT_BUNDLE_IDENTIFIER = com.kyle.Day14UITests;
				PRODUCT_NAME = "$(TARGET_NAME)";
				SWIFT_VERSION = 5.0;
				TARGETED_DEVICE_FAMILY = "1,2";
				TEST_TARGET_NAME = Day14;
			};
			name = Debug;
		};
		274AB37023A94028007979D5 /* Release */ = {
			isa = XCBuildConfiguration;
			buildSettings = {
				ALWAYS_EMBED_SWIFT_STANDARD_LIBRARIES = YES;
				CODE_SIGN_STYLE = Automatic;
				DEVELOPMENT_TEAM = LV5658FM4K;
				INFOPLIST_FILE = Day14UITests/Info.plist;
				LD_RUNPATH_SEARCH_PATHS = (
					"$(inherited)",
					"@executable_path/Frameworks",
					"@loader_path/Frameworks",
				);
				PRODUCT_BUNDLE_IDENTIFIER = com.kyle.Day14UITests;
				PRODUCT_NAME = "$(TARGET_NAME)";
				SWIFT_VERSION = 5.0;
				TARGETED_DEVICE_FAMILY = "1,2";
				TEST_TARGET_NAME = Day14;
			};
			name = Release;
		};
/* End XCBuildConfiguration section */

/* Begin XCConfigurationList section */
		274AB33923A94026007979D5 /* Build configuration list for PBXProject "Day14" */ = {
			isa = XCConfigurationList;
			buildConfigurations = (
				274AB36623A94028007979D5 /* Debug */,
				274AB36723A94028007979D5 /* Release */,
			);
			defaultConfigurationIsVisible = 0;
			defaultConfigurationName = Release;
		};
		274AB36823A94028007979D5 /* Build configuration list for PBXNativeTarget "Day14" */ = {
			isa = XCConfigurationList;
			buildConfigurations = (
				274AB36923A94028007979D5 /* Debug */,
				274AB36A23A94028007979D5 /* Release */,
			);
			defaultConfigurationIsVisible = 0;
			defaultConfigurationName = Release;
		};
		274AB36B23A94028007979D5 /* Build configuration list for PBXNativeTarget "Day14Tests" */ = {
			isa = XCConfigurationList;
			buildConfigurations = (
				274AB36C23A94028007979D5 /* Debug */,
				274AB36D23A94028007979D5 /* Release */,
			);
			defaultConfigurationIsVisible = 0;
			defaultConfigurationName = Release;
		};
		274AB36E23A94028007979D5 /* Build configuration list for PBXNativeTarget "Day14UITests" */ = {
			isa = XCConfigurationList;
			buildConfigurations = (
				274AB36F23A94028007979D5 /* Debug */,
				274AB37023A94028007979D5 /* Release */,
			);
			defaultConfigurationIsVisible = 0;
			defaultConfigurationName = Release;
		};
/* End XCConfigurationList section */
	};
	rootObject = 274AB33623A94026007979D5 /* Project object */;
}
